
Microsoft Visual Studio Solution File, Format Version 12.00
# Visual Studio Version 17
VisualStudioVersion = 17.0.31903.59
MinimumVisualStudioVersion = 10.0.40219.1
Project("{FAE04EC0-301F-11D3-BF4B-00C04F79EFBC}") = "Mergician", "Mergician\Mergician.csproj", "{63887B3F-AC69-41DD-92D3-F80FF082EBD8}"
EndProject
Project("{FAE04EC0-301F-11D3-BF4B-00C04F79EFBC}") = "Bootstrap", "Bootstrap\Bootstrap.csproj", "{5BACE520-8995-4923-A4E5-2CE7E865328F}"
EndProject
Project("{2150E333-8FDC-42A3-9474-1A3956D46DE8}") = "Solution Items", "Solution Items", "{B2C3D4E5-F6A7-8901-BCDE-F12345678901}"
	ProjectSection(SolutionItems) = preProject
		..\..\.github\instructions\bootstrapper.instructions.md = ..\..\.github\instructions\bootstrapper.instructions.md
		..\..\.github\copilot-instructions.md = ..\..\.github\copilot-instructions.md
		..\..\.github\instructions\csharp.instructions.md = ..\..\.github\instructions\csharp.instructions.md
		..\..\.github\instructions\docker-compose.instructions.md = ..\..\.github\instructions\docker-compose.instructions.md
		..\..\.github\instructions\frontend.instructions.md = ..\..\.github\instructions\frontend.instructions.md
		..\..\.github\instructions\integration-test.instructions.md = ..\..\.github\instructions\integration-test.instructions.md
		..\..\.github\instructions\mergician.instructions.md = ..\..\.github\instructions\mergician.instructions.md
		..\..\TODO.txt = ..\..\TODO.txt
	EndProjectSection
EndProject
Project("{FAE04EC0-301F-11D3-BF4B-00C04F79EFBC}") = "PlaywrightService", "PlaywrightService\PlaywrightService.csproj", "{4870C9AC-93F7-4439-B5B5-58E7E420BCFA}"
EndProject
Project("{FAE04EC0-301F-11D3-BF4B-00C04F79EFBC}") = "IntegrationTest", "IntegrationTest\IntegrationTest.csproj", "{3C9BBC82-7DF1-4FCD-A5AC-6F54EA21CA01}"
EndProject
Global
	GlobalSection(SolutionConfigurationPlatforms) = preSolution
		Debug|Any CPU = Debug|Any CPU
		Debug|x64 = Debug|x64
		Debug|x86 = Debug|x86
		Release|Any CPU = Release|Any CPU
		Release|x64 = Release|x64
		Release|x86 = Release|x86
	EndGlobalSection
	GlobalSection(ProjectConfigurationPlatforms) = postSolution
		{63887B3F-AC69-41DD-92D3-F80FF082EBD8}.Debug|Any CPU.ActiveCfg = Debug|Any CPU
		{63887B3F-AC69-41DD-92D3-F80FF082EBD8}.Debug|Any CPU.Build.0 = Debug|Any CPU
		{63887B3F-AC69-41DD-92D3-F80FF082EBD8}.Debug|x64.ActiveCfg = Debug|Any CPU
		{63887B3F-AC69-41DD-92D3-F80FF082EBD8}.Debug|x64.Build.0 = Debug|Any CPU
		{63887B3F-AC69-41DD-92D3-F80FF082EBD8}.Debug|x86.ActiveCfg = Debug|Any CPU
		{63887B3F-AC69-41DD-92D3-F80FF082EBD8}.Debug|x86.Build.0 = Debug|Any CPU
		{63887B3F-AC69-41DD-92D3-F80FF082EBD8}.Release|Any CPU.ActiveCfg = Release|Any CPU
		{63887B3F-AC69-41DD-92D3-F80FF082EBD8}.Release|Any CPU.Build.0 = Release|Any CPU
		{63887B3F-AC69-41DD-92D3-F80FF082EBD8}.Release|x64.ActiveCfg = Release|Any CPU
		{63887B3F-AC69-41DD-92D3-F80FF082EBD8}.Release|x64.Build.0 = Release|Any CPU
		{63887B3F-AC69-41DD-92D3-F80FF082EBD8}.Release|x86.ActiveCfg = Release|Any CPU
		{63887B3F-AC69-41DD-92D3-F80FF082EBD8}.Release|x86.Build.0 = Release|Any CPU
		{5BACE520-8995-4923-A4E5-2CE7E865328F}.Debug|Any CPU.ActiveCfg = Debug|Any CPU
		{5BACE520-8995-4923-A4E5-2CE7E865328F}.Debug|Any CPU.Build.0 = Debug|Any CPU
		{5BACE520-8995-4923-A4E5-2CE7E865328F}.Debug|x64.ActiveCfg = Debug|Any CPU
		{5BACE520-8995-4923-A4E5-2CE7E865328F}.Debug|x64.Build.0 = Debug|Any CPU
		{5BACE520-8995-4923-A4E5-2CE7E865328F}.Debug|x86.ActiveCfg = Debug|Any CPU
		{5BACE520-8995-4923-A4E5-2CE7E865328F}.Debug|x86.Build.0 = Debug|Any CPU
		{5BACE520-8995-4923-A4E5-2CE7E865328F}.Release|Any CPU.ActiveCfg = Release|Any CPU
		{5BACE520-8995-4923-A4E5-2CE7E865328F}.Release|Any CPU.Build.0 = Release|Any CPU
		{5BACE520-8995-4923-A4E5-2CE7E865328F}.Release|x64.ActiveCfg = Release|Any CPU
		{5BACE520-8995-4923-A4E5-2CE7E865328F}.Release|x64.Build.0 = Release|Any CPU
		{5BACE520-8995-4923-A4E5-2CE7E865328F}.Release|x86.ActiveCfg = Release|Any CPU
		{5BACE520-8995-4923-A4E5-2CE7E865328F}.Release|x86.Build.0 = Release|Any CPU
		{4870C9AC-93F7-4439-B5B5-58E7E420BCFA}.Debug|Any CPU.ActiveCfg = Debug|Any CPU
		{4870C9AC-93F7-4439-B5B5-58E7E420BCFA}.Debug|Any CPU.Build.0 = Debug|Any CPU
		{4870C9AC-93F7-4439-B5B5-58E7E420BCFA}.Debug|x64.ActiveCfg = Debug|Any CPU
		{4870C9AC-93F7-4439-B5B5-58E7E420BCFA}.Debug|x64.Build.0 = Debug|Any CPU
		{4870C9AC-93F7-4439-B5B5-58E7E420BCFA}.Debug|x86.ActiveCfg = Debug|Any CPU
		{4870C9AC-93F7-4439-B5B5-58E7E420BCFA}.Debug|x86.Build.0 = Debug|Any CPU
		{4870C9AC-93F7-4439-B5B5-58E7E420BCFA}.Release|Any CPU.ActiveCfg = Release|Any CPU
		{4870C9AC-93F7-4439-B5B5-58E7E420BCFA}.Release|Any CPU.Build.0 = Release|Any CPU
		{4870C9AC-93F7-4439-B5B5-58E7E420BCFA}.Release|x64.ActiveCfg = Release|Any CPU
		{4870C9AC-93F7-4439-B5B5-58E7E420BCFA}.Release|x64.Build.0 = Release|Any CPU
		{4870C9AC-93F7-4439-B5B5-58E7E420BCFA}.Release|x86.ActiveCfg = Release|Any CPU
		{4870C9AC-93F7-4439-B5B5-58E7E420BCFA}.Release|x86.Build.0 = Release|Any CPU
		{3C9BBC82-7DF1-4FCD-A5AC-6F54EA21CA01}.Debug|Any CPU.ActiveCfg = Debug|Any CPU
		{3C9BBC82-7DF1-4FCD-A5AC-6F54EA21CA01}.Debug|Any CPU.Build.0 = Debug|Any CPU
		{3C9BBC82-7DF1-4FCD-A5AC-6F54EA21CA01}.Debug|x64.ActiveCfg = Debug|Any CPU
		{3C9BBC82-7DF1-4FCD-A5AC-6F54EA21CA01}.Debug|x64.Build.0 = Debug|Any CPU
		{3C9BBC82-7DF1-4FCD-A5AC-6F54EA21CA01}.Debug|x86.ActiveCfg = Debug|Any CPU
		{3C9BBC82-7DF1-4FCD-A5AC-6F54EA21CA01}.Debug|x86.Build.0 = Debug|Any CPU
		{3C9BBC82-7DF1-4FCD-A5AC-6F54EA21CA01}.Release|Any CPU.ActiveCfg = Release|Any CPU
		{3C9BBC82-7DF1-4FCD-A5AC-6F54EA21CA01}.Release|Any CPU.Build.0 = Release|Any CPU
		{3C9BBC82-7DF1-4FCD-A5AC-6F54EA21CA01}.Release|x64.ActiveCfg = Release|Any CPU
		{3C9BBC82-7DF1-4FCD-A5AC-6F54EA21CA01}.Release|x64.Build.0 = Release|Any CPU
		{3C9BBC82-7DF1-4FCD-A5AC-6F54EA21CA01}.Release|x86.ActiveCfg = Release|Any CPU
		{3C9BBC82-7DF1-4FCD-A5AC-6F54EA21CA01}.Release|x86.Build.0 = Release|Any CPU
	EndGlobalSection
	GlobalSection(SolutionProperties) = preSolution
		HideSolutionNode = FALSE
	EndGlobalSection
	GlobalSection(ExtensibilityGlobals) = postSolution
		SolutionGuid = {2275A097-F724-4573-94D6-6E9645815359}
	EndGlobalSection
EndGlobal
